
Microsoft Visual Studio Solution File, Format Version 12.00
# Visual Studio 15
VisualStudioVersion = 15.0.27130.2003
MinimumVisualStudioVersion = 10.0.40219.1
Project("{FAE04EC0-301F-11D3-BF4B-00C04F79EFBC}") = "App3", "App3\App3.csproj", "{DC53D398-05DA-4917-9AF7-358048CAF767}"
EndProject
Global
	GlobalSection(SolutionConfigurationPlatforms) = preSolution
		Debug|Any CPU = Debug|Any CPU
		Release|Any CPU = Release|Any CPU
	EndGlobalSection
	GlobalSection(ProjectConfigurationPlatforms) = postSolution
		{DC53D398-05DA-4917-9AF7-358048CAF767}.Debug|Any CPU.ActiveCfg = Debug|Any CPU
		{DC53D398-05DA-4917-9AF7-358048CAF767}.Debug|Any CPU.Build.0 = Debug|Any CPU
		{DC53D398-05DA-4917-9AF7-358048CAF767}.Debug|Any CPU.Deploy.0 = Debug|Any CPU
		{DC53D398-05DA-4917-9AF7-358048CAF767}.Release|Any CPU.ActiveCfg = Release|Any CPU
		{DC53D398-05DA-4917-9AF7-358048CAF767}.Release|Any CPU.Build.0 = Release|Any CPU
		{DC53D398-05DA-4917-9AF7-358048CAF767}.Release|Any CPU.Deploy.0 = Release|Any CPU
	EndGlobalSection
	GlobalSection(SolutionProperties) = preSolution
		HideSolutionNode = FALSE
	EndGlobalSection
	GlobalSection(ExtensibilityGlobals) = postSolution
		SolutionGuid = {3620329B-E73F-481C-9157-52FF7DFEEA12}
	EndGlobalSection
EndGlobal
